
Microsoft Visual Studio Solution File, Format Version 12.00
# Visual Studio Version 17
VisualStudioVersion = 17.13.35931.197 d17.13
MinimumVisualStudioVersion = 10.0.40219.1
Project("{FAE04EC0-301F-11D3-BF4B-00C04F79EFBC}") = "02_Construtores", "02_Construtores.csproj", "{ACE53EB1-DED2-455F-A655-967D8334F699}"
EndProject
Global
	GlobalSection(SolutionConfigurationPlatforms) = preSolution
		Debug|Any CPU = Debug|Any CPU
		Release|Any CPU = Release|Any CPU
	EndGlobalSection
	GlobalSection(ProjectConfigurationPlatforms) = postSolution
		{ACE53EB1-DED2-455F-A655-967D8334F699}.Debug|Any CPU.ActiveCfg = Debug|Any CPU
		{ACE53EB1-DED2-455F-A655-967D8334F699}.Debug|Any CPU.Build.0 = Debug|Any CPU
		{ACE53EB1-DED2-455F-A655-967D8334F699}.Release|Any CPU.ActiveCfg = Release|Any CPU
		{ACE53EB1-DED2-455F-A655-967D8334F699}.Release|Any CPU.Build.0 = Release|Any CPU
	EndGlobalSection
	GlobalSection(SolutionProperties) = preSolution
		HideSolutionNode = FALSE
	EndGlobalSection
	GlobalSection(ExtensibilityGlobals) = postSolution
		SolutionGuid = {BCD1B465-1961-439E-AC40-B6618A2436CF}
	EndGlobalSection
EndGlobal
