
Microsoft Visual Studio Solution File, Format Version 12.00
# Visual Studio Version 17
VisualStudioVersion = 17.13.35931.197 d17.13
MinimumVisualStudioVersion = 10.0.40219.1
Project("{FAE04EC0-301F-11D3-BF4B-00C04F79EFBC}") = "09_heranca", "09_heranca.csproj", "{FAF4707A-4CCB-4CE0-A42A-5B9C507A4510}"
EndProject
Global
	GlobalSection(SolutionConfigurationPlatforms) = preSolution
		Debug|Any CPU = Debug|Any CPU
		Release|Any CPU = Release|Any CPU
	EndGlobalSection
	GlobalSection(ProjectConfigurationPlatforms) = postSolution
		{FAF4707A-4CCB-4CE0-A42A-5B9C507A4510}.Debug|Any CPU.ActiveCfg = Debug|Any CPU
		{FAF4707A-4CCB-4CE0-A42A-5B9C507A4510}.Debug|Any CPU.Build.0 = Debug|Any CPU
		{FAF4707A-4CCB-4CE0-A42A-5B9C507A4510}.Release|Any CPU.ActiveCfg = Release|Any CPU
		{FAF4707A-4CCB-4CE0-A42A-5B9C507A4510}.Release|Any CPU.Build.0 = Release|Any CPU
	EndGlobalSection
	GlobalSection(SolutionProperties) = preSolution
		HideSolutionNode = FALSE
	EndGlobalSection
	GlobalSection(ExtensibilityGlobals) = postSolution
		SolutionGuid = {72CFA4E2-500C-4182-A1D7-DC07DC4435B5}
	EndGlobalSection
EndGlobal
