
Microsoft Visual Studio Solution File, Format Version 12.00
# Visual Studio Version 17
VisualStudioVersion = 17.13.35931.197 d17.13
MinimumVisualStudioVersion = 10.0.40219.1
Project("{FAE04EC0-301F-11D3-BF4B-00C04F79EFBC}") = "16_Enum", "16_Enum.csproj", "{2698903B-13AB-41CB-B2FE-082790F7AAB0}"
EndProject
Global
	GlobalSection(SolutionConfigurationPlatforms) = preSolution
		Debug|Any CPU = Debug|Any CPU
		Release|Any CPU = Release|Any CPU
	EndGlobalSection
	GlobalSection(ProjectConfigurationPlatforms) = postSolution
		{2698903B-13AB-41CB-B2FE-082790F7AAB0}.Debug|Any CPU.ActiveCfg = Debug|Any CPU
		{2698903B-13AB-41CB-B2FE-082790F7AAB0}.Debug|Any CPU.Build.0 = Debug|Any CPU
		{2698903B-13AB-41CB-B2FE-082790F7AAB0}.Release|Any CPU.ActiveCfg = Release|Any CPU
		{2698903B-13AB-41CB-B2FE-082790F7AAB0}.Release|Any CPU.Build.0 = Release|Any CPU
	EndGlobalSection
	GlobalSection(SolutionProperties) = preSolution
		HideSolutionNode = FALSE
	EndGlobalSection
	GlobalSection(ExtensibilityGlobals) = postSolution
		SolutionGuid = {09246A3C-8647-440E-9D97-942C934B6BEB}
	EndGlobalSection
EndGlobal
